
Microsoft Visual Studio Solution File, Format Version 12.00
# Visual Studio 2013
VisualStudioVersion = 12.0.30110.0
MinimumVisualStudioVersion = 10.0.40219.1
Project("{FAE04EC0-301F-11D3-BF4B-00C04F79EFBC}") = "Parser", "Parser\Parser.csproj", "{E5D18476-3C8B-47D3-A793-FD9251CB1164}"
EndProject
Project("{FAE04EC0-301F-11D3-BF4B-00C04F79EFBC}") = "Database", "Database\Database.csproj", "{F67F81B3-645A-43EC-83E5-498A5822BA51}"
EndProject
Project("{FAE04EC0-301F-11D3-BF4B-00C04F79EFBC}") = "Blockchain", "Blockchain\Blockchain.csproj", "{18B9AF55-A9A2-4867-A917-56EF913D41C8}"
EndProject
Project("{FAE04EC0-301F-11D3-BF4B-00C04F79EFBC}") = "GraphDataStructure", "GraphDataStructure\GraphDataStructure.csproj", "{DCA5B6D5-4AB9-4296-8177-67150292A466}"
EndProject
Global
	GlobalSection(SolutionConfigurationPlatforms) = preSolution
		Debug|Any CPU = Debug|Any CPU
		Release|Any CPU = Release|Any CPU
	EndGlobalSection
	GlobalSection(ProjectConfigurationPlatforms) = postSolution
		{E5D18476-3C8B-47D3-A793-FD9251CB1164}.Debug|Any CPU.ActiveCfg = Debug|Any CPU
		{E5D18476-3C8B-47D3-A793-FD9251CB1164}.Debug|Any CPU.Build.0 = Debug|Any CPU
		{E5D18476-3C8B-47D3-A793-FD9251CB1164}.Release|Any CPU.ActiveCfg = Release|Any CPU
		{E5D18476-3C8B-47D3-A793-FD9251CB1164}.Release|Any CPU.Build.0 = Release|Any CPU
		{F67F81B3-645A-43EC-83E5-498A5822BA51}.Debug|Any CPU.ActiveCfg = Debug|Any CPU
		{F67F81B3-645A-43EC-83E5-498A5822BA51}.Debug|Any CPU.Build.0 = Debug|Any CPU
		{F67F81B3-645A-43EC-83E5-498A5822BA51}.Release|Any CPU.ActiveCfg = Release|Any CPU
		{F67F81B3-645A-43EC-83E5-498A5822BA51}.Release|Any CPU.Build.0 = Release|Any CPU
		{18B9AF55-A9A2-4867-A917-56EF913D41C8}.Debug|Any CPU.ActiveCfg = Debug|Any CPU
		{18B9AF55-A9A2-4867-A917-56EF913D41C8}.Debug|Any CPU.Build.0 = Debug|Any CPU
		{18B9AF55-A9A2-4867-A917-56EF913D41C8}.Release|Any CPU.ActiveCfg = Release|Any CPU
		{18B9AF55-A9A2-4867-A917-56EF913D41C8}.Release|Any CPU.Build.0 = Release|Any CPU
		{DCA5B6D5-4AB9-4296-8177-67150292A466}.Debug|Any CPU.ActiveCfg = Debug|Any CPU
		{DCA5B6D5-4AB9-4296-8177-67150292A466}.Debug|Any CPU.Build.0 = Debug|Any CPU
		{DCA5B6D5-4AB9-4296-8177-67150292A466}.Release|Any CPU.ActiveCfg = Release|Any CPU
		{DCA5B6D5-4AB9-4296-8177-67150292A466}.Release|Any CPU.Build.0 = Release|Any CPU
	EndGlobalSection
	GlobalSection(SolutionProperties) = preSolution
		HideSolutionNode = FALSE
	EndGlobalSection
EndGlobal
